Microsoft Visual Studio Solution File, Format Version 12.00
# Visual Studio Version 17
VisualStudioVersion = 17.10.34928.147
MinimumVisualStudioVersion = 10.0.40219.1
Project("{FAE04EC0-301F-11D3-BF4B-00C04F79EFBC}") = "Dotnet0Auth.AppHost", "Dotnet0Auth.AppHost\Dotnet0Auth.AppHost.csproj", "{23D64334-C163-4FA0-92A7-F3CB72540A9E}"
EndProject
Project("{9A19103F-16F7-4668-BE54-9A1E7A4F7556}") = "Dotnet0Auth.ServiceDefaults", "Dotnet0Auth.ServiceDefaults\Dotnet0Auth.ServiceDefaults.csproj", "{FD65B893-7EEC-4246-8DBC-95A105488973}"
EndProject
Project("{9A19103F-16F7-4668-BE54-9A1E7A4F7556}") = "Dotnet0Auth.ApiService", "Dotnet0Auth.ApiService\Dotnet0Auth.ApiService.csproj", "{2EA2F204-98B4-404F-AAE8-79E871950C9F}"
EndProject
Project("{9A19103F-16F7-4668-BE54-9A1E7A4F7556}") = "Dotnet0Auth.Web", "Dotnet0Auth.Web\Dotnet0Auth.Web.csproj", "{CE1B2B8E-F91F-4208-B551-4973C58966DE}"
EndProject
Global
	GlobalSection(SolutionConfigurationPlatforms) = preSolution
		Debug|Any CPU = Debug|Any CPU
		Release|Any CPU = Release|Any CPU
	EndGlobalSection
	GlobalSection(ProjectConfigurationPlatforms) = postSolution
		{23D64334-C163-4FA0-92A7-F3CB72540A9E}.Debug|Any CPU.ActiveCfg = Debug|Any CPU
		{23D64334-C163-4FA0-92A7-F3CB72540A9E}.Debug|Any CPU.Build.0 = Debug|Any CPU
		{23D64334-C163-4FA0-92A7-F3CB72540A9E}.Release|Any CPU.ActiveCfg = Release|Any CPU
		{23D64334-C163-4FA0-92A7-F3CB72540A9E}.Release|Any CPU.Build.0 = Release|Any CPU
		{FD65B893-7EEC-4246-8DBC-95A105488973}.Debug|Any CPU.ActiveCfg = Debug|Any CPU
		{FD65B893-7EEC-4246-8DBC-95A105488973}.Debug|Any CPU.Build.0 = Debug|Any CPU
		{FD65B893-7EEC-4246-8DBC-95A105488973}.Release|Any CPU.ActiveCfg = Release|Any CPU
		{FD65B893-7EEC-4246-8DBC-95A105488973}.Release|Any CPU.Build.0 = Release|Any CPU
		{2EA2F204-98B4-404F-AAE8-79E871950C9F}.Debug|Any CPU.ActiveCfg = Debug|Any CPU
		{2EA2F204-98B4-404F-AAE8-79E871950C9F}.Debug|Any CPU.Build.0 = Debug|Any CPU
		{2EA2F204-98B4-404F-AAE8-79E871950C9F}.Release|Any CPU.ActiveCfg = Release|Any CPU
		{2EA2F204-98B4-404F-AAE8-79E871950C9F}.Release|Any CPU.Build.0 = Release|Any CPU
		{CE1B2B8E-F91F-4208-B551-4973C58966DE}.Debug|Any CPU.ActiveCfg = Debug|Any CPU
		{CE1B2B8E-F91F-4208-B551-4973C58966DE}.Debug|Any CPU.Build.0 = Debug|Any CPU
		{CE1B2B8E-F91F-4208-B551-4973C58966DE}.Release|Any CPU.ActiveCfg = Release|Any CPU
		{CE1B2B8E-F91F-4208-B551-4973C58966DE}.Release|Any CPU.Build.0 = Release|Any CPU
	EndGlobalSection
	GlobalSection(SolutionProperties) = preSolution
		HideSolutionNode = FALSE
	EndGlobalSection
	GlobalSection(ExtensibilityGlobals) = postSolution
		SolutionGuid = {01FB315D-11B9-4FAA-8862-96C567301903}
	EndGlobalSection
EndGlobal
